# This file is automatically @generated by Cargo.
# It is not intended for manual editing.
version = 3

[[package]]
name = "autocfg"
version = "1.1.0"
source = "registry+https://github.com/rust-lang/crates.io-index"
checksum = "d468802bab17cbc0cc575e9b053f41e72aa36bfa6b7f55e3529ffa43161b97fa"

[[package]]
name = "exif"
version = "0.1.0"
dependencies = [
 "open",
 "rexif",
]

[[package]]
name = "num"
version = "0.4.0"
source = "registry+https://github.com/rust-lang/crates.io-index"
checksum = "43db66d1170d347f9a065114077f7dccb00c1b9478c89384490a3425279a4606"
dependencies = [
 "num-bigint",
 "num-complex",
 "num-integer",
 "num-iter",
 "num-rational",
 "num-traits",
]

[[package]]
name = "num-bigint"
version = "0.4.3"
source = "registry+https://github.com/rust-lang/crates.io-index"
checksum = "f93ab6289c7b344a8a9f60f88d80aa20032336fe78da341afc91c8a2341fc75f"
dependencies = [
 "autocfg",
 "num-integer",
 "num-traits",
]

[[package]]
name = "num-complex"
version = "0.4.1"
source = "registry+https://github.com/rust-lang/crates.io-index"
checksum = "97fbc387afefefd5e9e39493299f3069e14a140dd34dc19b4c1c1a8fddb6a790"
dependencies = [
 "num-traits",
]

[[package]]
name = "num-integer"
version = "0.1.45"
source = "registry+https://github.com/rust-lang/crates.io-index"
checksum = "225d3389fb3509a24c93f5c29eb6bde2586b98d9f016636dff58d7c6f7569cd9"
dependencies = [
 "autocfg",
 "num-traits",
]

[[package]]
name = "num-iter"
version = "0.1.43"
source = "registry+https://github.com/rust-lang/crates.io-index"
checksum = "7d03e6c028c5dc5cac6e2dec0efda81fc887605bb3d884578bb6d6bf7514e252"
dependencies = [
 "autocfg",
 "num-integer",
 "num-traits",
]

[[package]]
name = "num-rational"
version = "0.4.0"
source = "registry+https://github.com/rust-lang/crates.io-index"
checksum = "d41702bd167c2df5520b384281bc111a4b5efcf7fbc4c9c222c815b07e0a6a6a"
dependencies = [
 "autocfg",
 "num-bigint",
 "num-integer",
 "num-traits",
]

[[package]]
name = "num-traits"
version = "0.2.15"
source = "registry+https://github.com/rust-lang/crates.io-index"
checksum = "578ede34cf02f8924ab9447f50c28075b4d3e5b269972345e7e0372b38c6cdcd"
dependencies = [
 "autocfg",
]

[[package]]
name = "open"
version = "2.1.2"
source = "registry+https://github.com/rust-lang/crates.io-index"
checksum = "e0524af9508f9b5c4eb41dce095860456727748f63b478d625f119a70e0d764a"
dependencies = [
 "pathdiff",
 "winapi",
]

[[package]]
name = "pathdiff"
version = "0.2.1"
source = "registry+https://github.com/rust-lang/crates.io-index"
checksum = "8835116a5c179084a830efb3adc117ab007512b535bc1a21c991d3b32a6b44dd"

[[package]]
name = "rexif"
version = "0.7.3"
source = "registry+https://github.com/rust-lang/crates.io-index"
checksum = "49352965b70522af9085d7a8c2a6df7494713c67ac58b9af02bcff7fb4ca1483"
dependencies = [
 "num",
]

[[package]]
name = "winapi"
version = "0.3.9"
source = "registry+https://github.com/rust-lang/crates.io-index"
checksum = "5c839a674fcd7a98952e593242ea400abe93992746761e38641405d28b00f419"
dependencies = [
 "winapi-i686-pc-windows-gnu",
 "winapi-x86_64-pc-windows-gnu",
]

[[package]]
name = "winapi-i686-pc-windows-gnu"
version = "0.4.0"
source = "registry+https://github.com/rust-lang/crates.io-index"
checksum = "ac3b87c63620426dd9b991e5ce0329eff545bccbbb34f3be09ff6fb6ab51b7b6"

[[package]]
name = "winapi-x86_64-pc-windows-gnu"
version = "0.4.0"
source = "registry+https://github.com/rust-lang/crates.io-index"
checksum = "712e227841d057c1ee1cd2fb22fa7e5a5461ae8e48fa2ca79ec42cfc1931183f"
